
Microsoft Visual Studio Solution File, Format Version 12.00
# Visual Studio Version 17
VisualStudioVersion = 17.7.34221.43
MinimumVisualStudioVersion = 10.0.40219.1
Project("{54A90642-561A-4BB1-A94E-469ADEE60C69}") = "reactapp", "reactapp\reactapp.esproj", "{F2ABE067-6406-4F03-8AF7-F37E0FBC38DC}"
EndProject
Project("{9A19103F-16F7-4668-BE54-9A1E7A4F7556}") = "webapi", "webapi\webapi.csproj", "{F4EAF160-42CC-4CCD-93B4-A18CD024783E}"
EndProject
Global
	GlobalSection(SolutionConfigurationPlatforms) = preSolution
		Debug|Any CPU = Debug|Any CPU
		Release|Any CPU = Release|Any CPU
	EndGlobalSection
	GlobalSection(ProjectConfigurationPlatforms) = postSolution
		{F2ABE067-6406-4F03-8AF7-F37E0FBC38DC}.Debug|Any CPU.ActiveCfg = Debug|Any CPU
		{F2ABE067-6406-4F03-8AF7-F37E0FBC38DC}.Debug|Any CPU.Build.0 = Debug|Any CPU
		{F2ABE067-6406-4F03-8AF7-F37E0FBC38DC}.Debug|Any CPU.Deploy.0 = Debug|Any CPU
		{F2ABE067-6406-4F03-8AF7-F37E0FBC38DC}.Release|Any CPU.ActiveCfg = Release|Any CPU
		{F2ABE067-6406-4F03-8AF7-F37E0FBC38DC}.Release|Any CPU.Build.0 = Release|Any CPU
		{F2ABE067-6406-4F03-8AF7-F37E0FBC38DC}.Release|Any CPU.Deploy.0 = Release|Any CPU
		{F4EAF160-42CC-4CCD-93B4-A18CD024783E}.Debug|Any CPU.ActiveCfg = Debug|Any CPU
		{F4EAF160-42CC-4CCD-93B4-A18CD024783E}.Debug|Any CPU.Build.0 = Debug|Any CPU
		{F4EAF160-42CC-4CCD-93B4-A18CD024783E}.Release|Any CPU.ActiveCfg = Release|Any CPU
		{F4EAF160-42CC-4CCD-93B4-A18CD024783E}.Release|Any CPU.Build.0 = Release|Any CPU
	EndGlobalSection
	GlobalSection(SolutionProperties) = preSolution
		HideSolutionNode = FALSE
	EndGlobalSection
	GlobalSection(ExtensibilityGlobals) = postSolution
		SolutionGuid = {07E3F34F-9845-46B5-AA32-5C79EED86D61}
	EndGlobalSection
EndGlobal
