
Microsoft Visual Studio Solution File, Format Version 12.00
# Visual Studio Version 17
VisualStudioVersion = 17.7.34221.43
MinimumVisualStudioVersion = 10.0.40219.1
Project("{FAE04EC0-301F-11D3-BF4B-00C04F79EFBC}") = "BilConnect", "BilConnect.csproj", "{B263CE4F-A45E-446F-83B6-9F1D58A93D61}"
EndProject
Global
	GlobalSection(SolutionConfigurationPlatforms) = preSolution
		Debug|Any CPU = Debug|Any CPU
		Release|Any CPU = Release|Any CPU
	EndGlobalSection
	GlobalSection(ProjectConfigurationPlatforms) = postSolution
		{B263CE4F-A45E-446F-83B6-9F1D58A93D61}.Debug|Any CPU.ActiveCfg = Debug|Any CPU
		{B263CE4F-A45E-446F-83B6-9F1D58A93D61}.Debug|Any CPU.Build.0 = Debug|Any CPU
		{B263CE4F-A45E-446F-83B6-9F1D58A93D61}.Release|Any CPU.ActiveCfg = Release|Any CPU
		{B263CE4F-A45E-446F-83B6-9F1D58A93D61}.Release|Any CPU.Build.0 = Release|Any CPU
	EndGlobalSection
	GlobalSection(SolutionProperties) = preSolution
		HideSolutionNode = FALSE
	EndGlobalSection
	GlobalSection(ExtensibilityGlobals) = postSolution
		SolutionGuid = {6AD3E01A-7DBC-4F14-BECB-EA8D45F8C094}
	EndGlobalSection
EndGlobal
